// !$*UTF8*$!
{
	archiveVersion = 1;
	classes = {
	};
	objectVersion = 50;
	objects = {

/* Begin PBXFileReference section */
		5023A4FF26C6BD970081A644 /* ForInLoop.playground */ = {isa = PBXFileReference; lastKnownFileType = file.playground; path = ForInLoop.playground; sourceTree = "<group>"; xcLanguageSpecificationIdentifier = xcode.lang.swift; };
		5023A50026C6C21B0081A644 /* WhileLoops.playground */ = {isa = PBXFileReference; lastKnownFileType = file.playground; path = WhileLoops.playground; sourceTree = "<group>"; xcLanguageSpecificationIdentifier = xcode.lang.swift; };
		5023A50126C6C51C0081A644 /* IFConditional.playground */ = {isa = PBXFileReference; lastKnownFileType = file.playground; path = IFConditional.playground; sourceTree = "<group>"; xcLanguageSpecificationIdentifier = xcode.lang.swift; };
		5023A50226C6C54F0081A644 /* Switch.playground */ = {isa = PBXFileReference; lastKnownFileType = file.playground; path = Switch.playground; sourceTree = "<group>"; xcLanguageSpecificationIdentifier = xcode.lang.swift; };
		5023A50326C6CC730081A644 /* ControlTransferStatement.playground */ = {isa = PBXFileReference; lastKnownFileType = file.playground; path = ControlTransferStatement.playground; sourceTree = "<group>"; xcLanguageSpecificationIdentifier = xcode.lang.swift; };
		5023A50426C6D3C40081A644 /* EarlyExitGuard.playground */ = {isa = PBXFileReference; lastKnownFileType = file.playground; path = EarlyExitGuard.playground; sourceTree = "<group>"; xcLanguageSpecificationIdentifier = xcode.lang.swift; };
/* End PBXFileReference section */

/* Begin PBXGroup section */
		5023A4F826C6BD6C0081A644 = {
			isa = PBXGroup;
			children = (
				5023A50426C6D3C40081A644 /* EarlyExitGuard.playground */,
				5023A50326C6CC730081A644 /* ControlTransferStatement.playground */,
				5023A50226C6C54F0081A644 /* Switch.playground */,
				5023A50126C6C51C0081A644 /* IFConditional.playground */,
				5023A50026C6C21B0081A644 /* WhileLoops.playground */,
				5023A4FF26C6BD970081A644 /* ForInLoop.playground */,
			);
			sourceTree = "<group>";
		};
/* End PBXGroup section */

/* Begin PBXProject section */
		5023A4F926C6BD6C0081A644 /* Project object */ = {
			isa = PBXProject;
			attributes = {
				LastUpgradeCheck = 1250;
			};
			buildConfigurationList = 5023A4FC26C6BD6C0081A644 /* Build configuration list for PBXProject "ControlFlow" */;
			compatibilityVersion = "Xcode 9.3";
			developmentRegion = en;
			hasScannedForEncodings = 0;
			knownRegions = (
				en,
				Base,
			);
			mainGroup = 5023A4F826C6BD6C0081A644;
			projectDirPath = "";
			projectRoot = "";
			targets = (
			);
		};
/* End PBXProject section */

/* Begin XCBuildConfiguration section */
		5023A4FD26C6BD6C0081A644 /* Debug */ = {
			isa = XCBuildConfiguration;
			buildSettings = {
			};
			name = Debug;
		};
		5023A4FE26C6BD6C0081A644 /* Release */ = {
			isa = XCBuildConfiguration;
			buildSettings = {
			};
			name = Release;
		};
/* End XCBuildConfiguration section */

/* Begin XCConfigurationList section */
		5023A4FC26C6BD6C0081A644 /* Build configuration list for PBXProject "ControlFlow" */ = {
			isa = XCConfigurationList;
			buildConfigurations = (
				5023A4FD26C6BD6C0081A644 /* Debug */,
				5023A4FE26C6BD6C0081A644 /* Release */,
			);
			defaultConfigurationIsVisible = 0;
			defaultConfigurationName = Release;
		};
/* End XCConfigurationList section */
	};
	rootObject = 5023A4F926C6BD6C0081A644 /* Project object */;
}
