// !$*UTF8*$!
{
	archiveVersion = 1;
	classes = {
	};
	objectVersion = 50;
	objects = {

/* Begin PBXFileReference section */
		50F7257F26C96B08008471C0 /* DefiningAndCallingFunctions.playground */ = {isa = PBXFileReference; lastKnownFileType = file.playground; path = DefiningAndCallingFunctions.playground; sourceTree = "<group>"; xcLanguageSpecificationIdentifier = xcode.lang.swift; };
		50F7258026C96C8C008471C0 /* ParameterAndReturnValues.playground */ = {isa = PBXFileReference; lastKnownFileType = file.playground; path = ParameterAndReturnValues.playground; sourceTree = "<group>"; xcLanguageSpecificationIdentifier = xcode.lang.swift; };
		50F7258126C9796F008471C0 /* ArgumentLabelAndParameterNames.playground */ = {isa = PBXFileReference; lastKnownFileType = file.playground; path = ArgumentLabelAndParameterNames.playground; sourceTree = "<group>"; xcLanguageSpecificationIdentifier = xcode.lang.swift; };
		50F7258226C98642008471C0 /* FunctionTypes.playground */ = {isa = PBXFileReference; lastKnownFileType = file.playground; path = FunctionTypes.playground; sourceTree = "<group>"; xcLanguageSpecificationIdentifier = xcode.lang.swift; };
/* End PBXFileReference section */

/* Begin PBXGroup section */
		50F7257826C96AB5008471C0 = {
			isa = PBXGroup;
			children = (
				50F7258226C98642008471C0 /* FunctionTypes.playground */,
				50F7258126C9796F008471C0 /* ArgumentLabelAndParameterNames.playground */,
				50F7258026C96C8C008471C0 /* ParameterAndReturnValues.playground */,
				50F7257F26C96B08008471C0 /* DefiningAndCallingFunctions.playground */,
			);
			sourceTree = "<group>";
		};
/* End PBXGroup section */

/* Begin PBXProject section */
		50F7257926C96AB5008471C0 /* Project object */ = {
			isa = PBXProject;
			attributes = {
				LastUpgradeCheck = 1250;
			};
			buildConfigurationList = 50F7257C26C96AB5008471C0 /* Build configuration list for PBXProject "Function" */;
			compatibilityVersion = "Xcode 9.3";
			developmentRegion = en;
			hasScannedForEncodings = 0;
			knownRegions = (
				en,
				Base,
			);
			mainGroup = 50F7257826C96AB5008471C0;
			projectDirPath = "";
			projectRoot = "";
			targets = (
			);
		};
/* End PBXProject section */

/* Begin XCBuildConfiguration section */
		50F7257D26C96AB5008471C0 /* Debug */ = {
			isa = XCBuildConfiguration;
			buildSettings = {
			};
			name = Debug;
		};
		50F7257E26C96AB5008471C0 /* Release */ = {
			isa = XCBuildConfiguration;
			buildSettings = {
			};
			name = Release;
		};
/* End XCBuildConfiguration section */

/* Begin XCConfigurationList section */
		50F7257C26C96AB5008471C0 /* Build configuration list for PBXProject "Function" */ = {
			isa = XCConfigurationList;
			buildConfigurations = (
				50F7257D26C96AB5008471C0 /* Debug */,
				50F7257E26C96AB5008471C0 /* Release */,
			);
			defaultConfigurationIsVisible = 0;
			defaultConfigurationName = Release;
		};
/* End XCConfigurationList section */
	};
	rootObject = 50F7257926C96AB5008471C0 /* Project object */;
}
